{
  "name": "wayke-ecom-react",
  "version": "1.0.0",
  "lockfileVersion": 1,
  "requires": true,
  "dependencies": {
    "@wayke-se/ecom": {
      "version": "1.0.0",
      "resolved": "https://registry.npmjs.org/@wayke-se/ecom/-/ecom-1.0.0.tgz",
      "integrity": "sha512-g/EACRJ1VfSzO7qfPyJ0j1Q6zpFF9iD4IfX8KUz7av1tsgycOg2Nl92cgHX1RGD/YiaVwknHW/PMq5Yss55UlA=="
    },
    "marked": {
      "version": "0.7.0",
      "resolved": "https://registry.npmjs.org/marked/-/marked-0.7.0.tgz",
      "integrity": "sha512-c+yYdCZJQrsRjTPhUx7VKkApw9bwDkNbHUKo1ovgcfDjb2kc8rLuRbIFyXL5WOEUwzSSKo3IXpph2K6DqB/KZg=="
    }
  }
}
